
Microsoft Visual Studio Solution File, Format Version 12.00
# Visual Studio Version 17
VisualStudioVersion = 17.11.35222.181
MinimumVisualStudioVersion = 10.0.40219.1
Project("{FAE04EC0-301F-11D3-BF4B-00C04F79EFBC}") = "MatrixEffect", "MatrixEffect.csproj", "{C7781845-DA89-4E95-B390-94BA567BF6D9}"
EndProject
Global
	GlobalSection(SolutionConfigurationPlatforms) = preSolution
		Debug|Any CPU = Debug|Any CPU
		Release|Any CPU = Release|Any CPU
	EndGlobalSection
	GlobalSection(ProjectConfigurationPlatforms) = postSolution
		{C7781845-DA89-4E95-B390-94BA567BF6D9}.Debug|Any CPU.ActiveCfg = Debug|Any CPU
		{C7781845-DA89-4E95-B390-94BA567BF6D9}.Debug|Any CPU.Build.0 = Debug|Any CPU
		{C7781845-DA89-4E95-B390-94BA567BF6D9}.Release|Any CPU.ActiveCfg = Release|Any CPU
		{C7781845-DA89-4E95-B390-94BA567BF6D9}.Release|Any CPU.Build.0 = Release|Any CPU
	EndGlobalSection
	GlobalSection(SolutionProperties) = preSolution
		HideSolutionNode = FALSE
	EndGlobalSection
	GlobalSection(ExtensibilityGlobals) = postSolution
		SolutionGuid = {8834F5AF-BC61-41F3-8F30-D2F04FB1EAC5}
	EndGlobalSection
EndGlobal
